
Microsoft Visual Studio Solution File, Format Version 12.00
# Visual Studio Version 17
VisualStudioVersion = 17.2.32526.322
MinimumVisualStudioVersion = 10.0.40219.1
Project("{FAE04EC0-301F-11D3-BF4B-00C04F79EFBC}") = "FinalEjbc", "FinalEjbc\FinalEjbc.csproj", "{BB393351-40F7-4334-A35C-9677D0FEE67F}"
EndProject
Global
	GlobalSection(SolutionConfigurationPlatforms) = preSolution
		Debug|Any CPU = Debug|Any CPU
		Release|Any CPU = Release|Any CPU
	EndGlobalSection
	GlobalSection(ProjectConfigurationPlatforms) = postSolution
		{BB393351-40F7-4334-A35C-9677D0FEE67F}.Debug|Any CPU.ActiveCfg = Debug|Any CPU
		{BB393351-40F7-4334-A35C-9677D0FEE67F}.Debug|Any CPU.Build.0 = Debug|Any CPU
		{BB393351-40F7-4334-A35C-9677D0FEE67F}.Release|Any CPU.ActiveCfg = Release|Any CPU
		{BB393351-40F7-4334-A35C-9677D0FEE67F}.Release|Any CPU.Build.0 = Release|Any CPU
	EndGlobalSection
	GlobalSection(SolutionProperties) = preSolution
		HideSolutionNode = FALSE
	EndGlobalSection
	GlobalSection(ExtensibilityGlobals) = postSolution
		SolutionGuid = {5C8F1E18-A482-4E56-9FB0-EC7FD05F4C9C}
	EndGlobalSection
EndGlobal
